{
  "version": "v1",
  "packages": {
    "@agile-ts/core": {
      "signature": "85340eb4776d83665290ba809ac83e68",
      "file": true
    },
    "@agile-ts/react": {
      "signature": "7fffe6aa6e200bc8311ecfdb2db841cc",
      "file": true
    },
    "@agile-ts/api": {
      "signature": "3cdc02e7e53889d42c4b743030742aea",
      "file": true
    }
  }
}