{
  "version": "v1",
  "packages": {
    "@agile-ts/core": {
      "signature": "a7ff5b69fbd5040d736e9a869546a307",
      "file": true
    },
    "@agile-ts/react": {
      "signature": "1d18ea6004b13049e235ee87f1520fa5",
      "file": true
    },
    "@agile-ts/api": {
      "signature": "2b467b20abe0ae211c0a53422ff2e567",
      "file": true
    }
  }
}