{
  "version": "v1",
  "packages": {
    "@agile-ts/core": {
      "signature": "27a4dcd85f526c3b6d9324d9fd697f2b",
      "file": true
    },
    "@agile-ts/react": {
      "signature": "1d18ea6004b13049e235ee87f1520fa5",
      "file": true
    },
    "@agile-ts/api": {
      "signature": "82c652d491008ccc3e1c3d24e8fca278",
      "file": true
    }
  }
}