{
  "name": "@agile-ts/multieditor",
  "version": "0.0.5",
  "lockfileVersion": 1,
  "requires": true,
  "dependencies": {
    "@agile-ts/core": {
      "version": "file:../core",
      "dev": true,
      "dependencies": {
        "@types/chai": {
          "version": "4.2.14",
          "resolved": "https://registry.npmjs.org/@types/chai/-/chai-4.2.14.tgz",
          "integrity": "sha512-G+ITQPXkwTrslfG5L/BksmbLUA0M1iybEsmCWPqzSxsRRhJZimBKJkoMi8fr/CPygPTj4zO5pJH7I2/cm9M7SQ=="
        },
        "@types/mocha": {
          "version": "8.0.3",
          "resolved": "https://registry.npmjs.org/@types/mocha/-/mocha-8.0.3.tgz",
          "integrity": "sha512-vyxR57nv8NfcU0GZu8EUXZLTbCMupIUwy95LJ6lllN+JRPG25CwMHoB1q5xKh8YKhQnHYRAn4yW2yuHbf/5xgg=="
        },
        "@types/node": {
          "version": "14.14.6",
          "resolved": "https://registry.npmjs.org/@types/node/-/node-14.14.6.tgz",
          "integrity": "sha512-6QlRuqsQ/Ox/aJEQWBEJG7A9+u7oSYl3mem/K8IzxXG/kAGbV1YPD9Bg9Zw3vyxC/YP+zONKwy8hGkSt1jxFMw=="
        },
        "chai": {
          "version": "4.2.0",
          "resolved": "https://registry.npmjs.org/chai/-/chai-4.2.0.tgz",
          "integrity": "sha512-XQU3bhBukrOsQCuwZndwGcCVQHyZi53fQ6Ys1Fym7E4olpIqqZZhhoFJoaKVvV17lWQoXYwgWN2nF5crA8J2jw=="
        },
        "eslint-config-prettier": {
          "version": "6.15.0",
          "resolved": "https://registry.npmjs.org/eslint-config-prettier/-/eslint-config-prettier-6.15.0.tgz",
          "integrity": "sha512-a1+kOYLR8wMGustcgAjdydMsQ2A/2ipRPwRKUmfYaSxc9ZPcrku080Ctl6zrZzZNs/U82MjSv+qKREkoq3bJaw=="
        },
        "mocha": {
          "version": "8.2.0",
          "resolved": "https://registry.npmjs.org/mocha/-/mocha-8.2.0.tgz",
          "integrity": "sha512-lEWEMq2LMfNJMKeuEwb5UELi+OgFDollXaytR5ggQcHpzG3NP/R7rvixAvF+9/lLsTWhWG+4yD2M70GsM06nxw=="
        },
        "prettier": {
          "version": "2.0.5",
          "resolved": "https://registry.npmjs.org/prettier/-/prettier-2.0.5.tgz",
          "integrity": "sha512-7PtVymN48hGcO4fGjybyBSIWDsLU4H4XlvOHfq91pz9kkGlonzwTfYkaIEwiRg/dAJF9YlbsduBAgtYLi+8cFg=="
        },
        "ts-node": {
          "version": "8.10.2",
          "resolved": "https://registry.npmjs.org/ts-node/-/ts-node-8.10.2.tgz",
          "integrity": "sha512-ISJJGgkIpDdBhWVu3jufsWpK3Rzo7bdiIXJjQc0ynKxVOVcg2oIrf2H2cejminGrptVc6q6/uynAHNCuWGbpVA=="
        },
        "tsc-watch": {
          "version": "4.2.9",
          "resolved": "https://registry.npmjs.org/tsc-watch/-/tsc-watch-4.2.9.tgz",
          "integrity": "sha512-DlTaoDs74+KUpyWr7dCGhuscAUKCz6CiFduBN7R9RbLJSSN1moWdwoCLASE7+zLgGvV5AwXfYDiEMAsPGaO+Vw=="
        },
        "tslib": {
          "version": "2.0.3",
          "resolved": "https://registry.npmjs.org/tslib/-/tslib-2.0.3.tgz",
          "integrity": "sha512-uZtkfKblCEQtZKBF6EBXVZeQNl82yqtDQdv+eck8u7tdPxjLu2/lp5/uPW+um2tpuxINHWy3GhiccY7QgEaVHQ=="
        },
        "typescript": {
          "version": "3.9.7",
          "resolved": "https://registry.npmjs.org/typescript/-/typescript-3.9.7.tgz",
          "integrity": "sha512-BLbiRkiBzAwsjut4x/dsibSTB6yWpwT5qWmC2OfuCg3GgVQCSgMs4vEctYPhsaGtd0AeuuHMkjZ2h2WG8MSzRw=="
        }
      }
    }
  }
}
